PODS:
  - WXLibSwift/Core (0.1.2)
  - WXLibSwift/Pay (0.1.2):
    - WXLibSwift/Core

DEPENDENCIES:
  - WXLibSwift/Pay (from `../`)

EXTERNAL SOURCES:
  WXLibSwift:
    :path: "../"

SPEC CHECKSUMS:
  WXLibSwift: d8b214a20b2dc20368bc747efef288b47ecb0eac

PODFILE CHECKSUM: 5949ecceffa20d26faae2227bdde60060ac5e7de

COCOAPODS: 1.15.2
